
Microsoft Visual Studio Solution File, Format Version 12.00
# Visual Studio 15
VisualStudioVersion = 15.0.28307.1525
MinimumVisualStudioVersion = 10.0.40219.1
Project("{FAE04EC0-301F-11D3-BF4B-00C04F79EFBC}") = "Calculator_Forms", "Calculator_Forms\Calculator_Forms.csproj", "{5D11BFC9-1AD2-44FA-8036-D86A6EEEA0DF}"
EndProject
Global
	GlobalSection(SolutionConfigurationPlatforms) = preSolution
		Debug|Any CPU = Debug|Any CPU
		Release|Any CPU = Release|Any CPU
	EndGlobalSection
	GlobalSection(ProjectConfigurationPlatforms) = postSolution
		{5D11BFC9-1AD2-44FA-8036-D86A6EEEA0DF}.Debug|Any CPU.ActiveCfg = Debug|Any CPU
		{5D11BFC9-1AD2-44FA-8036-D86A6EEEA0DF}.Debug|Any CPU.Build.0 = Debug|Any CPU
		{5D11BFC9-1AD2-44FA-8036-D86A6EEEA0DF}.Release|Any CPU.ActiveCfg = Release|Any CPU
		{5D11BFC9-1AD2-44FA-8036-D86A6EEEA0DF}.Release|Any CPU.Build.0 = Release|Any CPU
	EndGlobalSection
	GlobalSection(SolutionProperties) = preSolution
		HideSolutionNode = FALSE
	EndGlobalSection
	GlobalSection(ExtensibilityGlobals) = postSolution
		SolutionGuid = {B082E933-DD94-4B65-9868-60CF29867D34}
	EndGlobalSection
EndGlobal
